
Microsoft Visual Studio Solution File, Format Version 12.00
# Visual Studio Version 17
VisualStudioVersion = 17.1.32228.430
MinimumVisualStudioVersion = 10.0.40219.1
Project("{FAE04EC0-301F-11D3-BF4B-00C04F79EFBC}") = "ComputerGraphics_Filters", "ComputerGraphics_Filters\ComputerGraphics_Filters.csproj", "{CAE5326F-A0B9-4B41-A647-B0234595BE95}"
EndProject
Global
	GlobalSection(SolutionConfigurationPlatforms) = preSolution
		Debug|Any CPU = Debug|Any CPU
		Release|Any CPU = Release|Any CPU
	EndGlobalSection
	GlobalSection(ProjectConfigurationPlatforms) = postSolution
		{CAE5326F-A0B9-4B41-A647-B0234595BE95}.Debug|Any CPU.ActiveCfg = Debug|Any CPU
		{CAE5326F-A0B9-4B41-A647-B0234595BE95}.Debug|Any CPU.Build.0 = Debug|Any CPU
		{CAE5326F-A0B9-4B41-A647-B0234595BE95}.Release|Any CPU.ActiveCfg = Release|Any CPU
		{CAE5326F-A0B9-4B41-A647-B0234595BE95}.Release|Any CPU.Build.0 = Release|Any CPU
	EndGlobalSection
	GlobalSection(SolutionProperties) = preSolution
		HideSolutionNode = FALSE
	EndGlobalSection
	GlobalSection(ExtensibilityGlobals) = postSolution
		SolutionGuid = {B9E20C48-F9C4-419C-9533-E7443DF41C83}
	EndGlobalSection
EndGlobal
